
Microsoft Visual Studio Solution File, Format Version 12.00
# Visual Studio 15
VisualStudioVersion = 15.0.28306.52
MinimumVisualStudioVersion = 10.0.40219.1
Project("{FAE04EC0-301F-11D3-BF4B-00C04F79EFBC}") = "Mealy-Moore-DrawV1.0", "Mealy-Moore-DrawV1.0\Mealy-Moore-DrawV1.0.csproj", "{EFD90882-AEE4-4BFA-B525-705EA06BD100}"
EndProject
Project("{54435603-DBB4-11D2-8724-00A0C9A8B90C}") = "Mealy-Moore Makineleri Setup", "Mealy-Moore Makineleri Setup\Mealy-Moore Makineleri Setup.vdproj", "{2CDF8547-E493-4DA9-A51F-6329BD4A455D}"
EndProject
Global
	GlobalSection(SolutionConfigurationPlatforms) = preSolution
		Debug|Any CPU = Debug|Any CPU
		Release|Any CPU = Release|Any CPU
	EndGlobalSection
	GlobalSection(ProjectConfigurationPlatforms) = postSolution
		{EFD90882-AEE4-4BFA-B525-705EA06BD100}.Debug|Any CPU.ActiveCfg = Debug|Any CPU
		{EFD90882-AEE4-4BFA-B525-705EA06BD100}.Debug|Any CPU.Build.0 = Debug|Any CPU
		{EFD90882-AEE4-4BFA-B525-705EA06BD100}.Release|Any CPU.ActiveCfg = Release|Any CPU
		{EFD90882-AEE4-4BFA-B525-705EA06BD100}.Release|Any CPU.Build.0 = Release|Any CPU
		{2CDF8547-E493-4DA9-A51F-6329BD4A455D}.Debug|Any CPU.ActiveCfg = Debug
		{2CDF8547-E493-4DA9-A51F-6329BD4A455D}.Release|Any CPU.ActiveCfg = Release
	EndGlobalSection
	GlobalSection(SolutionProperties) = preSolution
		HideSolutionNode = FALSE
	EndGlobalSection
	GlobalSection(ExtensibilityGlobals) = postSolution
		SolutionGuid = {0A65EB89-1783-486E-A85B-D149510ECC52}
	EndGlobalSection
EndGlobal
